{
  "name": "crypto-js",
  "version": "4.1.1",
  "lockfileVersion": 2,
  "requires": true,
  "packages": {
    "": {
      "name": "crypto-js",
      "version": "4.1.1",
      "license": "MIT",
      "dependencies": {
        "crypto-es": "^1.2.7",
        "crypto-random-string": "^5.0.0",
        "jsencrypt": "^3.3.1"
      }
    },
    "node_modules/crypto-es": {
      "version": "1.2.7",
      "resolved": "https://repo.huaweicloud.com/repository/npm/crypto-es/-/crypto-es-1.2.7.tgz",
      "integrity": "sha512-UUqiVJ2gUuZFmbFsKmud3uuLcNP2+Opt+5ysmljycFCyhA0+T16XJmo1ev/t5kMChMqWh7IEvURNCqsg+SjZGQ==",
      "license": "MIT"
    },
    "node_modules/crypto-random-string": {
      "version": "5.0.0",
      "resolved": "https://repo.huaweicloud.com/repository/npm/crypto-random-string/-/crypto-random-string-5.0.0.tgz",
      "integrity": "sha512-KWjTXWwxFd6a94m5CdRGW/t82Tr8DoBc9dNnPCAbFI1EBweN6v1tv8y4Y1m7ndkp/nkIBRxUxAzpaBnR2k3bcQ==",
      "license": "MIT",
      "dependencies": {
        "type-fest": "^2.12.2"
      },
      "engines": {
        "node": ">=14.16"
      },
      "funding": {
        "url": "https://github.com/sponsors/sindresorhus"
      }
    },
    "node_modules/jsencrypt": {
      "version": "3.3.1",
      "resolved": "https://repo.huaweicloud.com/repository/npm/jsencrypt/-/jsencrypt-3.3.1.tgz",
      "integrity": "sha512-dVvV54GdFuJgmEKn+oBiaifDMen4p6o6j/lJh0OVMcouME8sST0bJ7bldIgKBQk4za0zyGn0/pm4vOznR25mLw==",
      "license": "MIT"
    },
    "node_modules/type-fest": {
      "version": "2.19.0",
      "resolved": "https://repo.huaweicloud.com/repository/npm/type-fest/-/type-fest-2.19.0.tgz",
      "integrity": "sha512-RAH822pAdBgcNMAfWnCBU3CFZcfZ/i1eZjwFU/dsLKumyuuP3niueg2UAukXYF0E2AAoc82ZSSf9J0WQBinzHA==",
      "license": "(MIT OR CC0-1.0)",
      "engines": {
        "node": ">=12.20"
      },
      "funding": {
        "url": "https://github.com/sponsors/sindresorhus"
      }
    }
  },
  "dependencies": {
    "crypto-es": {
      "version": "1.2.7",
      "resolved": "https://repo.huaweicloud.com/repository/npm/crypto-es/-/crypto-es-1.2.7.tgz",
      "integrity": "sha512-UUqiVJ2gUuZFmbFsKmud3uuLcNP2+Opt+5ysmljycFCyhA0+T16XJmo1ev/t5kMChMqWh7IEvURNCqsg+SjZGQ=="
    },
    "crypto-random-string": {
      "version": "5.0.0",
      "resolved": "https://repo.huaweicloud.com/repository/npm/crypto-random-string/-/crypto-random-string-5.0.0.tgz",
      "integrity": "sha512-KWjTXWwxFd6a94m5CdRGW/t82Tr8DoBc9dNnPCAbFI1EBweN6v1tv8y4Y1m7ndkp/nkIBRxUxAzpaBnR2k3bcQ==",
      "requires": {
        "type-fest": "^2.12.2"
      }
    },
    "jsencrypt": {
      "version": "3.3.1",
      "resolved": "https://repo.huaweicloud.com/repository/npm/jsencrypt/-/jsencrypt-3.3.1.tgz",
      "integrity": "sha512-dVvV54GdFuJgmEKn+oBiaifDMen4p6o6j/lJh0OVMcouME8sST0bJ7bldIgKBQk4za0zyGn0/pm4vOznR25mLw=="
    },
    "type-fest": {
      "version": "2.19.0",
      "resolved": "https://repo.huaweicloud.com/repository/npm/type-fest/-/type-fest-2.19.0.tgz",
      "integrity": "sha512-RAH822pAdBgcNMAfWnCBU3CFZcfZ/i1eZjwFU/dsLKumyuuP3niueg2UAukXYF0E2AAoc82ZSSf9J0WQBinzHA=="
    }
  }
}
